
Microsoft Visual Studio Solution File, Format Version 12.00
# Visual Studio Version 17
VisualStudioVersion = 17.11.35312.102
MinimumVisualStudioVersion = 10.0.40219.1
Project("{9A19103F-16F7-4668-BE54-9A1E7A4F7556}") = "ClientAPI", "ClientAPI.csproj", "{64C5F1FB-5442-4560-A7FA-B7FE055022EC}"
EndProject
Project("{2150E333-8FDC-42A3-9474-1A3956D46DE8}") = "src", "src", "{FB337168-7645-4E2C-AA13-CA7687C853F4}"
EndProject
Global
	GlobalSection(SolutionConfigurationPlatforms) = preSolution
		Debug|Any CPU = Debug|Any CPU
		Release|Any CPU = Release|Any CPU
	EndGlobalSection
	GlobalSection(ProjectConfigurationPlatforms) = postSolution
		{64C5F1FB-5442-4560-A7FA-B7FE055022EC}.Debug|Any CPU.ActiveCfg = Debug|Any CPU
		{64C5F1FB-5442-4560-A7FA-B7FE055022EC}.Debug|Any CPU.Build.0 = Debug|Any CPU
		{64C5F1FB-5442-4560-A7FA-B7FE055022EC}.Release|Any CPU.ActiveCfg = Release|Any CPU
		{64C5F1FB-5442-4560-A7FA-B7FE055022EC}.Release|Any CPU.Build.0 = Release|Any CPU
	EndGlobalSection
	GlobalSection(SolutionProperties) = preSolution
		HideSolutionNode = FALSE
	EndGlobalSection
	GlobalSection(NestedProjects) = preSolution
		{64C5F1FB-5442-4560-A7FA-B7FE055022EC} = {FB337168-7645-4E2C-AA13-CA7687C853F4}
	EndGlobalSection
	GlobalSection(ExtensibilityGlobals) = postSolution
		SolutionGuid = {33B54F99-E321-4BD7-A161-344EF895A6DA}
	EndGlobalSection
EndGlobal
